
Microsoft Visual Studio Solution File, Format Version 12.00
# Visual Studio Version 17
VisualStudioVersion = 17.13.35825.156
MinimumVisualStudioVersion = 10.0.40219.1
Project("{FAE04EC0-301F-11D3-BF4B-00C04F79EFBC}") = "NutritionTracker", "NutritionTracker\NutritionTracker.csproj", "{4826178C-309D-4EC3-96CF-5556ACDAFC96}"
EndProject
Global
	GlobalSection(SolutionConfigurationPlatforms) = preSolution
		Debug|Any CPU = Debug|Any CPU
		Release|Any CPU = Release|Any CPU
	EndGlobalSection
	GlobalSection(ProjectConfigurationPlatforms) = postSolution
		{4826178C-309D-4EC3-96CF-5556ACDAFC96}.Debug|Any CPU.ActiveCfg = Debug|Any CPU
		{4826178C-309D-4EC3-96CF-5556ACDAFC96}.Debug|Any CPU.Build.0 = Debug|Any CPU
		{4826178C-309D-4EC3-96CF-5556ACDAFC96}.Release|Any CPU.ActiveCfg = Release|Any CPU
		{4826178C-309D-4EC3-96CF-5556ACDAFC96}.Release|Any CPU.Build.0 = Release|Any CPU
	EndGlobalSection
	GlobalSection(SolutionProperties) = preSolution
		HideSolutionNode = FALSE
	EndGlobalSection
	GlobalSection(ExtensibilityGlobals) = postSolution
		SolutionGuid = {821B1587-5F55-49EA-9F10-1AA66A6C86F6}
	EndGlobalSection
EndGlobal
